// !$*UTF8*$!
{
	archiveVersion = 1;
	classes = {
	};
	objectVersion = 46;
	objects = {

/* Begin PBXBuildFile section */
		139E8FD61E95D1A70044454C /* AppDelegate.swift in Sources */ = {isa = PBXBuildFile; fileRef = 139E8FD51E95D1A70044454C /* AppDelegate.swift */; };
		139E8FD81E95D1A70044454C /* ViewController.swift in Sources */ = {isa = PBXBuildFile; fileRef = 139E8FD71E95D1A70044454C /* ViewController.swift */; };
		139E8FDB1E95D1A70044454C /* Main.storyboard in Resources */ = {isa = PBXBuildFile; fileRef = 139E8FD91E95D1A70044454C /* Main.storyboard */; };
		139E8FDD1E95D1A70044454C /* Assets.xcassets in Resources */ = {isa = PBXBuildFile; fileRef = 139E8FDC1E95D1A70044454C /* Assets.xcassets */; };
		139E8FE01E95D1A70044454C /* LaunchScreen.storyboard in Resources */ = {isa = PBXBuildFile; fileRef = 139E8FDE1E95D1A70044454C /* LaunchScreen.storyboard */; };
/* End PBXBuildFile section */

/* Begin PBXFileReference section */
		139E8FD21E95D1A70044454C /* TinderLab.app */ = {isa = PBXFileReference; explicitFileType = wrapper.application; includeInIndex = 0; path = TinderLab.app; sourceTree = BUILT_PRODUCTS_DIR; };
		139E8FD51E95D1A70044454C /* AppDelegate.swift */ = {isa = PBXFileReference; lastKnownFileType = sourcecode.swift; path = AppDelegate.swift; sourceTree = "<group>"; };
		139E8FD71E95D1A70044454C /* ViewController.swift */ = {isa = PBXFileReference; lastKnownFileType = sourcecode.swift; path = ViewController.swift; sourceTree = "<group>"; };
		139E8FDA1E95D1A70044454C /* Base */ = {isa = PBXFileReference; lastKnownFileType = file.storyboard; name = Base; path = Base.lproj/Main.storyboard; sourceTree = "<group>"; };
		139E8FDC1E95D1A70044454C /* Assets.xcassets */ = {isa = PBXFileReference; lastKnownFileType = folder.assetcatalog; path = Assets.xcassets; sourceTree = "<group>"; };
		139E8FDF1E95D1A70044454C /* Base */ = {isa = PBXFileReference; lastKnownFileType = file.storyboard; name = Base; path = Base.lproj/LaunchScreen.storyboard; sourceTree = "<group>"; };
		139E8FE11E95D1A70044454C /* Info.plist */ = {isa = PBXFileReference; lastKnownFileType = text.plist.xml; path = Info.plist; sourceTree = "<group>"; };
/* End PBXFileReference section */

/* Begin PBXFrameworksBuildPhase section */
		139E8FCF1E95D1A70044454C /* Frameworks */ = {
			isa = PBXFrameworksBuildPhase;
			buildActionMask = 2147483647;
			files = (
			);
			runOnlyForDeploymentPostprocessing = 0;
		};
/* End PBXFrameworksBuildPhase section */

/* Begin PBXGroup section */
		139E8FC91E95D1A70044454C = {
			isa = PBXGroup;
			children = (
				139E8FD41E95D1A70044454C /* TinderLab */,
				139E8FD31E95D1A70044454C /* Products */,
			);
			sourceTree = "<group>";
		};
		139E8FD31E95D1A70044454C /* Products */ = {
			isa = PBXGroup;
			children = (
				139E8FD21E95D1A70044454C /* TinderLab.app */,
			);
			name = Products;
			sourceTree = "<group>";
		};
		139E8FD41E95D1A70044454C /* TinderLab */ = {
			isa = PBXGroup;
			children = (
				139E8FD51E95D1A70044454C /* AppDelegate.swift */,
				139E8FD71E95D1A70044454C /* ViewController.swift */,
				139E8FD91E95D1A70044454C /* Main.storyboard */,
				139E8FDC1E95D1A70044454C /* Assets.xcassets */,
				139E8FDE1E95D1A70044454C /* LaunchScreen.storyboard */,
				139E8FE11E95D1A70044454C /* Info.plist */,
			);
			path = TinderLab;
			sourceTree = "<group>";
		};
/* End PBXGroup section */

/* Begin PBXNativeTarget section */
		139E8FD11E95D1A70044454C /* TinderLab */ = {
			isa = PBXNativeTarget;
			buildConfigurationList = 139E8FE41E95D1A70044454C /* Build configuration list for PBXNativeTarget "TinderLab" */;
			buildPhases = (
				139E8FCE1E95D1A70044454C /* Sources */,
				139E8FCF1E95D1A70044454C /* Frameworks */,
				139E8FD01E95D1A70044454C /* Resources */,
			);
			buildRules = (
			);
			dependencies = (
			);
			name = TinderLab;
			productName = TinderLab;
			productReference = 139E8FD21E95D1A70044454C /* TinderLab.app */;
			productType = "com.apple.product-type.application";
		};
/* End PBXNativeTarget section */

/* Begin PBXProject section */
		139E8FCA1E95D1A70044454C /* Project object */ = {
			isa = PBXProject;
			attributes = {
				LastSwiftUpdateCheck = 0830;
				LastUpgradeCheck = 0830;
				ORGANIZATIONNAME = "Lum Situ";
				TargetAttributes = {
					139E8FD11E95D1A70044454C = {
						CreatedOnToolsVersion = 8.3;
						ProvisioningStyle = Automatic;
					};
				};
			};
			buildConfigurationList = 139E8FCD1E95D1A70044454C /* Build configuration list for PBXProject "TinderLab" */;
			compatibilityVersion = "Xcode 3.2";
			developmentRegion = English;
			hasScannedForEncodings = 0;
			knownRegions = (
				en,
				Base,
			);
			mainGroup = 139E8FC91E95D1A70044454C;
			productRefGroup = 139E8FD31E95D1A70044454C /* Products */;
			projectDirPath = "";
			projectRoot = "";
			targets = (
				139E8FD11E95D1A70044454C /* TinderLab */,
			);
		};
/* End PBXProject section */

/* Begin PBXResourcesBuildPhase section */
		139E8FD01E95D1A70044454C /* Resources */ = {
			isa = PBXResourcesBuildPhase;
			buildActionMask = 2147483647;
			files = (
				139E8FE01E95D1A70044454C /* LaunchScreen.storyboard in Resources */,
				139E8FDD1E95D1A70044454C /* Assets.xcassets in Resources */,
				139E8FDB1E95D1A70044454C /* Main.storyboard in Resources */,
			);
			runOnlyForDeploymentPostprocessing = 0;
		};
/* End PBXResourcesBuildPhase section */

/* Begin PBXSourcesBuildPhase section */
		139E8FCE1E95D1A70044454C /* Sources */ = {
			isa = PBXSourcesBuildPhase;
			buildActionMask = 2147483647;
			files = (
				139E8FD81E95D1A70044454C /* ViewController.swift in Sources */,
				139E8FD61E95D1A70044454C /* AppDelegate.swift in Sources */,
			);
			runOnlyForDeploymentPostprocessing = 0;
		};
/* End PBXSourcesBuildPhase section */

/* Begin PBXVariantGroup section */
		139E8FD91E95D1A70044454C /* Main.storyboard */ = {
			isa = PBXVariantGroup;
			children = (
				139E8FDA1E95D1A70044454C /* Base */,
			);
			name = Main.storyboard;
			sourceTree = "<group>";
		};
		139E8FDE1E95D1A70044454C /* LaunchScreen.storyboard */ = {
			isa = PBXVariantGroup;
			children = (
				139E8FDF1E95D1A70044454C /* Base */,
			);
			name = LaunchScreen.storyboard;
			sourceTree = "<group>";
		};
/* End PBXVariantGroup section */

/* Begin XCBuildConfiguration section */
		139E8FE21E95D1A70044454C /* Debug */ = {
			isa = XCBuildConfiguration;
			buildSettings = {
				ALWAYS_SEARCH_USER_PATHS = NO;
				CLANG_ANALYZER_NONNULL = YES;
				CLANG_ANALYZER_NUMBER_OBJECT_CONVERSION = YES_AGGRESSIVE;
				CLANG_CXX_LANGUAGE_STANDARD = "gnu++0x";
				CLANG_CXX_LIBRARY = "libc++";
				CLANG_ENABLE_MODULES = YES;
				CLANG_ENABLE_OBJC_ARC = YES;
				CLANG_WARN_BOOL_CONVERSION = YES;
				CLANG_WARN_CONSTANT_CONVERSION = YES;
				CLANG_WARN_DIRECT_OBJC_ISA_USAGE = YES_ERROR;
				CLANG_WARN_DOCUMENTATION_COMMENTS = YES;
				CLANG_WARN_EMPTY_BODY = YES;
				CLANG_WARN_ENUM_CONVERSION = YES;
				CLANG_WARN_INFINITE_RECURSION = YES;
				CLANG_WARN_INT_CONVERSION = YES;
				CLANG_WARN_OBJC_ROOT_CLASS = YES_ERROR;
				CLANG_WARN_SUSPICIOUS_MOVE = YES;
				CLANG_WARN_UNREACHABLE_CODE = YES;
				CLANG_WARN__DUPLICATE_METHOD_MATCH = YES;
				"CODE_SIGN_IDENTITY[sdk=iphoneos*]" = "iPhone Developer";
				COPY_PHASE_STRIP = NO;
				DEBUG_INFORMATION_FORMAT = dwarf;
				ENABLE_STRICT_OBJC_MSGSEND = YES;
				ENABLE_TESTABILITY = YES;
				GCC_C_LANGUAGE_STANDARD = gnu99;
				GCC_DYNAMIC_NO_PIC = NO;
				GCC_NO_COMMON_BLOCKS = YES;
				GCC_OPTIMIZATION_LEVEL = 0;
				GCC_PREPROCESSOR_DEFINITIONS = (
					"DEBUG=1",
					"$(inherited)",
				);
				GCC_WARN_64_TO_32_BIT_CONVERSION = YES;
				GCC_WARN_ABOUT_RETURN_TYPE = YES_ERROR;
				GCC_WARN_UNDECLARED_SELECTOR = YES;
				GCC_WARN_UNINITIALIZED_AUTOS = YES_AGGRESSIVE;
				GCC_WARN_UNUSED_FUNCTION = YES;
				GCC_WARN_UNUSED_VARIABLE = YES;
				IPHONEOS_DEPLOYMENT_TARGET = 10.3;
				MTL_ENABLE_DEBUG_INFO = YES;
				ONLY_ACTIVE_ARCH = YES;
				SDKROOT = iphoneos;
				SWIFT_ACTIVE_COMPILATION_CONDITIONS = DEBUG;
				SWIFT_OPTIMIZATION_LEVEL = "-Onone";
			};
			name = Debug;
		};
		139E8FE31E95D1A70044454C /* Release */ = {
			isa = XCBuildConfiguration;
			buildSettings = {
				ALWAYS_SEARCH_USER_PATHS = NO;
				CLANG_ANALYZER_NONNULL = YES;
				CLANG_ANALYZER_NUMBER_OBJECT_CONVERSION = YES_AGGRESSIVE;
				CLANG_CXX_LANGUAGE_STANDARD = "gnu++0x";
				CLANG_CXX_LIBRARY = "libc++";
				CLANG_ENABLE_MODULES = YES;
				CLANG_ENABLE_OBJC_ARC = YES;
				CLANG_WARN_BOOL_CONVERSION = YES;
				CLANG_WARN_CONSTANT_CONVERSION = YES;
				CLANG_WARN_DIRECT_OBJC_ISA_USAGE = YES_ERROR;
				CLANG_WARN_DOCUMENTATION_COMMENTS = YES;
				CLANG_WARN_EMPTY_BODY = YES;
				CLANG_WARN_ENUM_CONVERSION = YES;
				CLANG_WARN_INFINITE_RECURSION = YES;
				CLANG_WARN_INT_CONVERSION = YES;
				CLANG_WARN_OBJC_ROOT_CLASS = YES_ERROR;
				CLANG_WARN_SUSPICIOUS_MOVE = YES;
				CLANG_WARN_UNREACHABLE_CODE = YES;
				CLANG_WARN__DUPLICATE_METHOD_MATCH = YES;
				"CODE_SIGN_IDENTITY[sdk=iphoneos*]" = "iPhone Developer";
				COPY_PHASE_STRIP = NO;
				DEBUG_INFORMATION_FORMAT = "dwarf-with-dsym";
				ENABLE_NS_ASSERTIONS = NO;
				ENABLE_STRICT_OBJC_MSGSEND = YES;
				GCC_C_LANGUAGE_STANDARD = gnu99;
				GCC_NO_COMMON_BLOCKS = YES;
				GCC_WARN_64_TO_32_BIT_CONVERSION = YES;
				GCC_WARN_ABOUT_RETURN_TYPE = YES_ERROR;
				GCC_WARN_UNDECLARED_SELECTOR = YES;
				GCC_WARN_UNINITIALIZED_AUTOS = YES_AGGRESSIVE;
				GCC_WARN_UNUSED_FUNCTION = YES;
				GCC_WARN_UNUSED_VARIABLE = YES;
				IPHONEOS_DEPLOYMENT_TARGET = 10.3;
				MTL_ENABLE_DEBUG_INFO = NO;
				SDKROOT = iphoneos;
				SWIFT_OPTIMIZATION_LEVEL = "-Owholemodule";
				VALIDATE_PRODUCT = YES;
			};
			name = Release;
		};
		139E8FE51E95D1A70044454C /* Debug */ = {
			isa = XCBuildConfiguration;
			buildSettings = {
				ASSETCATALOG_COMPILER_APPICON_NAME = AppIcon;
				INFOPLIST_FILE = TinderLab/Info.plist;
				LD_RUNPATH_SEARCH_PATHS = "$(inherited) @executable_path/Frameworks";
				PRODUCT_BUNDLE_IDENTIFIER = Nothing.TinderLab;
				PRODUCT_NAME = "$(TARGET_NAME)";
				SWIFT_VERSION = 3.0;
			};
			name = Debug;
		};
		139E8FE61E95D1A70044454C /* Release */ = {
			isa = XCBuildConfiguration;
			buildSettings = {
				ASSETCATALOG_COMPILER_APPICON_NAME = AppIcon;
				INFOPLIST_FILE = TinderLab/Info.plist;
				LD_RUNPATH_SEARCH_PATHS = "$(inherited) @executable_path/Frameworks";
				PRODUCT_BUNDLE_IDENTIFIER = Nothing.TinderLab;
				PRODUCT_NAME = "$(TARGET_NAME)";
				SWIFT_VERSION = 3.0;
			};
			name = Release;
		};
/* End XCBuildConfiguration section */

/* Begin XCConfigurationList section */
		139E8FCD1E95D1A70044454C /* Build configuration list for PBXProject "TinderLab" */ = {
			isa = XCConfigurationList;
			buildConfigurations = (
				139E8FE21E95D1A70044454C /* Debug */,
				139E8FE31E95D1A70044454C /* Release */,
			);
			defaultConfigurationIsVisible = 0;
			defaultConfigurationName = Release;
		};
		139E8FE41E95D1A70044454C /* Build configuration list for PBXNativeTarget "TinderLab" */ = {
			isa = XCConfigurationList;
			buildConfigurations = (
				139E8FE51E95D1A70044454C /* Debug */,
				139E8FE61E95D1A70044454C /* Release */,
			);
			defaultConfigurationIsVisible = 0;
		};
/* End XCConfigurationList section */
	};
	rootObject = 139E8FCA1E95D1A70044454C /* Project object */;
}
